// !$*UTF8*$!
{
	archiveVersion = 1;
	classes = {
	};
	objectVersion = 52;
	objects = {

/* Begin PBXBuildFile section */
		132637D225D2BFC400B4CCE1 /* ProfileViewController.swift in Sources */ = {isa = PBXBuildFile; fileRef = 132637D125D2BFC400B4CCE1 /* ProfileViewController.swift */; };
		132637D725D3A05900B4CCE1 /* FaqsViewController.swift in Sources */ = {isa = PBXBuildFile; fileRef = 132637D625D3A05900B4CCE1 /* FaqsViewController.swift */; };
		132637E325D3A6EF00B4CCE1 /* TinyConstraints in Frameworks */ = {isa = PBXBuildFile; productRef = 132637E225D3A6EF00B4CCE1 /* TinyConstraints */; };
		132637EE25D3ADE600B4CCE1 /* FaqModel.swift in Sources */ = {isa = PBXBuildFile; fileRef = 132637ED25D3ADE600B4CCE1 /* FaqModel.swift */; };
		1362CA7F25D1031B001F0E87 /* APIRequest.swift in Sources */ = {isa = PBXBuildFile; fileRef = 1362CA7E25D1031B001F0E87 /* APIRequest.swift */; };
		1362CA8425D1050B001F0E87 /* ApiResponse.swift in Sources */ = {isa = PBXBuildFile; fileRef = 1362CA8325D1050B001F0E87 /* ApiResponse.swift */; };
		1362CA8925D10573001F0E87 /* UserModel.swift in Sources */ = {isa = PBXBuildFile; fileRef = 1362CA8825D10573001F0E87 /* UserModel.swift */; };
		1362CA8E25D10A49001F0E87 /* PostRequest.swift in Sources */ = {isa = PBXBuildFile; fileRef = 1362CA8D25D10A49001F0E87 /* PostRequest.swift */; };
		1387C6B925D2A2FD000D75A1 /* NoticeBoardController.swift in Sources */ = {isa = PBXBuildFile; fileRef = 1387C6B825D2A2FD000D75A1 /* NoticeBoardController.swift */; };
		1387C6BE25D2A3C9000D75A1 /* NoticeModel.swift in Sources */ = {isa = PBXBuildFile; fileRef = 1387C6BD25D2A3C9000D75A1 /* NoticeModel.swift */; };
		13A0659925D3EB9A00FADCEB /* CreateTicketController.swift in Sources */ = {isa = PBXBuildFile; fileRef = 13A0659825D3EB9A00FADCEB /* CreateTicketController.swift */; };
		13A0659E25D4070300FADCEB /* DepartmentModel.swift in Sources */ = {isa = PBXBuildFile; fileRef = 13A0659D25D4070300FADCEB /* DepartmentModel.swift */; };
		13AD7F0D25CBD4A100B03583 /* Configuration.swift in Sources */ = {isa = PBXBuildFile; fileRef = 13AD7F0C25CBD4A100B03583 /* Configuration.swift */; };
		13B4B8D225D50C0100B9B61A /* GoogleService-Info.plist in Resources */ = {isa = PBXBuildFile; fileRef = 13B4B8D125D50C0100B9B61A /* GoogleService-Info.plist */; };
		13CE120F25DA725F003FB875 /* Toast in Frameworks */ = {isa = PBXBuildFile; productRef = 13CE120E25DA725F003FB875 /* Toast */; };
		13D6D22325CA78E700A81BA6 /* AppDelegate.swift in Sources */ = {isa = PBXBuildFile; fileRef = 13D6D22225CA78E700A81BA6 /* AppDelegate.swift */; };
		13D6D22525CA78E700A81BA6 /* SceneDelegate.swift in Sources */ = {isa = PBXBuildFile; fileRef = 13D6D22425CA78E700A81BA6 /* SceneDelegate.swift */; };
		13D6D22725CA78E700A81BA6 /* ViewController.swift in Sources */ = {isa = PBXBuildFile; fileRef = 13D6D22625CA78E700A81BA6 /* ViewController.swift */; };
		13D6D22A25CA78E700A81BA6 /* Main.storyboard in Resources */ = {isa = PBXBuildFile; fileRef = 13D6D22825CA78E700A81BA6 /* Main.storyboard */; };
		13D6D22C25CA78E800A81BA6 /* Assets.xcassets in Resources */ = {isa = PBXBuildFile; fileRef = 13D6D22B25CA78E800A81BA6 /* Assets.xcassets */; };
		13D6D22F25CA78E800A81BA6 /* LaunchScreen.storyboard in Resources */ = {isa = PBXBuildFile; fileRef = 13D6D22D25CA78E800A81BA6 /* LaunchScreen.storyboard */; };
		13D6D23A25CA78E900A81BA6 /* ndvhssahoolatTests.swift in Sources */ = {isa = PBXBuildFile; fileRef = 13D6D23925CA78E900A81BA6 /* ndvhssahoolatTests.swift */; };
		13D6D24525CA78E900A81BA6 /* ndvhssahoolatUITests.swift in Sources */ = {isa = PBXBuildFile; fileRef = 13D6D24425CA78E900A81BA6 /* ndvhssahoolatUITests.swift */; };
		13E1898825D155FC006627CB /* LoginViewController.swift in Sources */ = {isa = PBXBuildFile; fileRef = 13E1898725D155FC006627CB /* LoginViewController.swift */; };
		13E1899825D15A92006627CB /* RegisterController.swift in Sources */ = {isa = PBXBuildFile; fileRef = 13E1899725D15A92006627CB /* RegisterController.swift */; };
		13E189A425D1642C006627CB /* HomeViewController.swift in Sources */ = {isa = PBXBuildFile; fileRef = 13E189A325D1642C006627CB /* HomeViewController.swift */; };
		13E189AC25D24DE6006627CB /* TabsViewController.swift in Sources */ = {isa = PBXBuildFile; fileRef = 13E189AB25D24DE6006627CB /* TabsViewController.swift */; };
		13E189B925D272B8006627CB /* TicketModel.swift in Sources */ = {isa = PBXBuildFile; fileRef = 13E189B825D272B8006627CB /* TicketModel.swift */; };
		13E189BE25D272D8006627CB /* StaffModel.swift in Sources */ = {isa = PBXBuildFile; fileRef = 13E189BD25D272D8006627CB /* StaffModel.swift */; };
		13E189C325D283B2006627CB /* CustomCellController.swift in Sources */ = {isa = PBXBuildFile; fileRef = 13E189C225D283B2006627CB /* CustomCellController.swift */; };
		13E4D9EC25CBB1D500A6039D /* Person.swift in Sources */ = {isa = PBXBuildFile; fileRef = 13E4D9EB25CBB1D500A6039D /* Person.swift */; };
		7239CFE46ED86584FB005BBF /* Pods_ndvhssahoolatTests.framework in Frameworks */ = {isa = PBXBuildFile; fileRef = CBE12621E445965D23FCB68A /* Pods_ndvhssahoolatTests.framework */; };
		F251CF6AA306FF67571F0159 /* Pods_ndvhssahoolat.framework in Frameworks */ = {isa = PBXBuildFile; fileRef = DFAEE21892E21F6493FDE58E /* Pods_ndvhssahoolat.framework */; };
/* End PBXBuildFile section */

/* Begin PBXContainerItemProxy section */
		13D6D23625CA78E900A81BA6 /* PBXContainerItemProxy */ = {
			isa = PBXContainerItemProxy;
			containerPortal = 13D6D21725CA78E700A81BA6 /* Project object */;
			proxyType = 1;
			remoteGlobalIDString = 13D6D21E25CA78E700A81BA6;
			remoteInfo = ndvhssahoolat;
		};
		13D6D24125CA78E900A81BA6 /* PBXContainerItemProxy */ = {
			isa = PBXContainerItemProxy;
			containerPortal = 13D6D21725CA78E700A81BA6 /* Project object */;
			proxyType = 1;
			remoteGlobalIDString = 13D6D21E25CA78E700A81BA6;
			remoteInfo = ndvhssahoolat;
		};
/* End PBXContainerItemProxy section */

/* Begin PBXFileReference section */
		08FA08197C81B2EF4DC56A4D /* Pods-ndvhssahoolat.debug.xcconfig */ = {isa = PBXFileReference; includeInIndex = 1; lastKnownFileType = text.xcconfig; name = "Pods-ndvhssahoolat.debug.xcconfig"; path = "Target Support Files/Pods-ndvhssahoolat/Pods-ndvhssahoolat.debug.xcconfig"; sourceTree = "<group>"; };
		132637D125D2BFC400B4CCE1 /* ProfileViewController.swift */ = {isa = PBXFileReference; lastKnownFileType = sourcecode.swift; path = ProfileViewController.swift; sourceTree = "<group>"; };
		132637D625D3A05900B4CCE1 /* FaqsViewController.swift */ = {isa = PBXFileReference; lastKnownFileType = sourcecode.swift; path = FaqsViewController.swift; sourceTree = "<group>"; };
		132637ED25D3ADE600B4CCE1 /* FaqModel.swift */ = {isa = PBXFileReference; lastKnownFileType = sourcecode.swift; path = FaqModel.swift; sourceTree = "<group>"; };
		1362CA7E25D1031B001F0E87 /* APIRequest.swift */ = {isa = PBXFileReference; lastKnownFileType = sourcecode.swift; path = APIRequest.swift; sourceTree = "<group>"; };
		1362CA8325D1050B001F0E87 /* ApiResponse.swift */ = {isa = PBXFileReference; lastKnownFileType = sourcecode.swift; path = ApiResponse.swift; sourceTree = "<group>"; };
		1362CA8825D10573001F0E87 /* UserModel.swift */ = {isa = PBXFileReference; lastKnownFileType = sourcecode.swift; path = UserModel.swift; sourceTree = "<group>"; };
		1362CA8D25D10A49001F0E87 /* PostRequest.swift */ = {isa = PBXFileReference; lastKnownFileType = sourcecode.swift; path = PostRequest.swift; sourceTree = "<group>"; };
		1387C6B825D2A2FD000D75A1 /* NoticeBoardController.swift */ = {isa = PBXFileReference; lastKnownFileType = sourcecode.swift; path = NoticeBoardController.swift; sourceTree = "<group>"; };
		1387C6BD25D2A3C9000D75A1 /* NoticeModel.swift */ = {isa = PBXFileReference; lastKnownFileType = sourcecode.swift; path = NoticeModel.swift; sourceTree = "<group>"; };
		13A0659825D3EB9A00FADCEB /* CreateTicketController.swift */ = {isa = PBXFileReference; lastKnownFileType = sourcecode.swift; path = CreateTicketController.swift; sourceTree = "<group>"; };
		13A0659D25D4070300FADCEB /* DepartmentModel.swift */ = {isa = PBXFileReference; lastKnownFileType = sourcecode.swift; path = DepartmentModel.swift; sourceTree = "<group>"; };
		13AD7F0C25CBD4A100B03583 /* Configuration.swift */ = {isa = PBXFileReference; lastKnownFileType = sourcecode.swift; path = Configuration.swift; sourceTree = "<group>"; };
		13B4B8D125D50C0100B9B61A /* GoogleService-Info.plist */ = {isa = PBXFileReference; fileEncoding = 4; lastKnownFileType = text.plist.xml; name = "GoogleService-Info.plist"; path = "../../../Downloads/GoogleService-Info.plist"; sourceTree = "<group>"; };
		13D6D21F25CA78E700A81BA6 /* ndvhssahoolat.app */ = {isa = PBXFileReference; explicitFileType = wrapper.application; includeInIndex = 0; path = ndvhssahoolat.app; sourceTree = BUILT_PRODUCTS_DIR; };
		13D6D22225CA78E700A81BA6 /* AppDelegate.swift */ = {isa = PBXFileReference; lastKnownFileType = sourcecode.swift; path = AppDelegate.swift; sourceTree = "<group>"; };
		13D6D22425CA78E700A81BA6 /* SceneDelegate.swift */ = {isa = PBXFileReference; lastKnownFileType = sourcecode.swift; path = SceneDelegate.swift; sourceTree = "<group>"; };
		13D6D22625CA78E700A81BA6 /* ViewController.swift */ = {isa = PBXFileReference; lastKnownFileType = sourcecode.swift; path = ViewController.swift; sourceTree = "<group>"; };
		13D6D22925CA78E700A81BA6 /* Base */ = {isa = PBXFileReference; lastKnownFileType = file.storyboard; name = Base; path = Base.lproj/Main.storyboard; sourceTree = "<group>"; };
		13D6D22B25CA78E800A81BA6 /* Assets.xcassets */ = {isa = PBXFileReference; lastKnownFileType = folder.assetcatalog; path = Assets.xcassets; sourceTree = "<group>"; };
		13D6D22E25CA78E800A81BA6 /* Base */ = {isa = PBXFileReference; lastKnownFileType = file.storyboard; name = Base; path = Base.lproj/LaunchScreen.storyboard; sourceTree = "<group>"; };
		13D6D23025CA78E800A81BA6 /* Info.plist */ = {isa = PBXFileReference; lastKnownFileType = text.plist.xml; path = Info.plist; sourceTree = "<group>"; };
		13D6D23525CA78E900A81BA6 /* ndvhssahoolatTests.xctest */ = {isa = PBXFileReference; explicitFileType = wrapper.cfbundle; includeInIndex = 0; path = ndvhssahoolatTests.xctest; sourceTree = BUILT_PRODUCTS_DIR; };
		13D6D23925CA78E900A81BA6 /* ndvhssahoolatTests.swift */ = {isa = PBXFileReference; lastKnownFileType = sourcecode.swift; path = ndvhssahoolatTests.swift; sourceTree = "<group>"; };
		13D6D23B25CA78E900A81BA6 /* Info.plist */ = {isa = PBXFileReference; lastKnownFileType = text.plist.xml; path = Info.plist; sourceTree = "<group>"; };
		13D6D24025CA78E900A81BA6 /* ndvhssahoolatUITests.xctest */ = {isa = PBXFileReference; explicitFileType = wrapper.cfbundle; includeInIndex = 0; path = ndvhssahoolatUITests.xctest; sourceTree = BUILT_PRODUCTS_DIR; };
		13D6D24425CA78E900A81BA6 /* ndvhssahoolatUITests.swift */ = {isa = PBXFileReference; lastKnownFileType = sourcecode.swift; path = ndvhssahoolatUITests.swift; sourceTree = "<group>"; };
		13D6D24625CA78E900A81BA6 /* Info.plist */ = {isa = PBXFileReference; lastKnownFileType = text.plist.xml; path = Info.plist; sourceTree = "<group>"; };
		13E1898725D155FC006627CB /* LoginViewController.swift */ = {isa = PBXFileReference; lastKnownFileType = sourcecode.swift; path = LoginViewController.swift; sourceTree = "<group>"; };
		13E1899725D15A92006627CB /* RegisterController.swift */ = {isa = PBXFileReference; lastKnownFileType = sourcecode.swift; path = RegisterController.swift; sourceTree = "<group>"; };
		13E189A325D1642C006627CB /* HomeViewController.swift */ = {isa = PBXFileReference; lastKnownFileType = sourcecode.swift; path = HomeViewController.swift; sourceTree = "<group>"; };
		13E189AB25D24DE6006627CB /* TabsViewController.swift */ = {isa = PBXFileReference; lastKnownFileType = sourcecode.swift; path = TabsViewController.swift; sourceTree = "<group>"; };
		13E189B825D272B8006627CB /* TicketModel.swift */ = {isa = PBXFileReference; lastKnownFileType = sourcecode.swift; path = TicketModel.swift; sourceTree = "<group>"; };
		13E189BD25D272D8006627CB /* StaffModel.swift */ = {isa = PBXFileReference; lastKnownFileType = sourcecode.swift; path = StaffModel.swift; sourceTree = "<group>"; };
		13E189C225D283B2006627CB /* CustomCellController.swift */ = {isa = PBXFileReference; lastKnownFileType = sourcecode.swift; path = CustomCellController.swift; sourceTree = "<group>"; };
		13E4D9EB25CBB1D500A6039D /* Person.swift */ = {isa = PBXFileReference; lastKnownFileType = sourcecode.swift; path = Person.swift; sourceTree = "<group>"; };
		349A5D346D2D24331A4981F2 /* Pods-ndvhssahoolatTests.debug.xcconfig */ = {isa = PBXFileReference; includeInIndex = 1; lastKnownFileType = text.xcconfig; name = "Pods-ndvhssahoolatTests.debug.xcconfig"; path = "Target Support Files/Pods-ndvhssahoolatTests/Pods-ndvhssahoolatTests.debug.xcconfig"; sourceTree = "<group>"; };
		72C897205C4A7FCA8DCCE981 /* Pods-ndvhssahoolat.release.xcconfig */ = {isa = PBXFileReference; includeInIndex = 1; lastKnownFileType = text.xcconfig; name = "Pods-ndvhssahoolat.release.xcconfig"; path = "Target Support Files/Pods-ndvhssahoolat/Pods-ndvhssahoolat.release.xcconfig"; sourceTree = "<group>"; };
		CBE12621E445965D23FCB68A /* Pods_ndvhssahoolatTests.framework */ = {isa = PBXFileReference; explicitFileType = wrapper.framework; includeInIndex = 0; path = Pods_ndvhssahoolatTests.framework; sourceTree = BUILT_PRODUCTS_DIR; };
		DFAEE21892E21F6493FDE58E /* Pods_ndvhssahoolat.framework */ = {isa = PBXFileReference; explicitFileType = wrapper.framework; includeInIndex = 0; path = Pods_ndvhssahoolat.framework; sourceTree = BUILT_PRODUCTS_DIR; };
		F2438933A0A1701FDB5A7C3C /* Pods-ndvhssahoolatTests.release.xcconfig */ = {isa = PBXFileReference; includeInIndex = 1; lastKnownFileType = text.xcconfig; name = "Pods-ndvhssahoolatTests.release.xcconfig"; path = "Target Support Files/Pods-ndvhssahoolatTests/Pods-ndvhssahoolatTests.release.xcconfig"; sourceTree = "<group>"; };
/* End PBXFileReference section */

/* Begin PBXFrameworksBuildPhase section */
		13D6D21C25CA78E700A81BA6 /* Frameworks */ = {
			isa = PBXFrameworksBuildPhase;
			buildActionMask = 2147483647;
			files = (
				13CE120F25DA725F003FB875 /* Toast in Frameworks */,
				132637E325D3A6EF00B4CCE1 /* TinyConstraints in Frameworks */,
				F251CF6AA306FF67571F0159 /* Pods_ndvhssahoolat.framework in Frameworks */,
			);
			runOnlyForDeploymentPostprocessing = 0;
		};
		13D6D23225CA78E900A81BA6 /* Frameworks */ = {
			isa = PBXFrameworksBuildPhase;
			buildActionMask = 2147483647;
			files = (
				7239CFE46ED86584FB005BBF /* Pods_ndvhssahoolatTests.framework in Frameworks */,
			);
			runOnlyForDeploymentPostprocessing = 0;
		};
		13D6D23D25CA78E900A81BA6 /* Frameworks */ = {
			isa = PBXFrameworksBuildPhase;
			buildActionMask = 2147483647;
			files = (
			);
			runOnlyForDeploymentPostprocessing = 0;
		};
/* End PBXFrameworksBuildPhase section */

/* Begin PBXGroup section */
		132637F225D3B53C00B4CCE1 /* ViewControllers */ = {
			isa = PBXGroup;
			children = (
				13D6D22625CA78E700A81BA6 /* ViewController.swift */,
				132637D125D2BFC400B4CCE1 /* ProfileViewController.swift */,
				13E1898725D155FC006627CB /* LoginViewController.swift */,
				13E1899725D15A92006627CB /* RegisterController.swift */,
				13E189A325D1642C006627CB /* HomeViewController.swift */,
				13E189AB25D24DE6006627CB /* TabsViewController.swift */,
				13E189C225D283B2006627CB /* CustomCellController.swift */,
				1387C6B825D2A2FD000D75A1 /* NoticeBoardController.swift */,
				132637D625D3A05900B4CCE1 /* FaqsViewController.swift */,
				13A0659825D3EB9A00FADCEB /* CreateTicketController.swift */,
			);
			path = ViewControllers;
			sourceTree = "<group>";
		};
		132637F325D3B55E00B4CCE1 /* Models */ = {
			isa = PBXGroup;
			children = (
				132637ED25D3ADE600B4CCE1 /* FaqModel.swift */,
				13E189B825D272B8006627CB /* TicketModel.swift */,
				1362CA8825D10573001F0E87 /* UserModel.swift */,
				13E189BD25D272D8006627CB /* StaffModel.swift */,
				1387C6BD25D2A3C9000D75A1 /* NoticeModel.swift */,
				13A0659D25D4070300FADCEB /* DepartmentModel.swift */,
			);
			path = Models;
			sourceTree = "<group>";
		};
		132637F425D3B56F00B4CCE1 /* Networking */ = {
			isa = PBXGroup;
			children = (
				1362CA7E25D1031B001F0E87 /* APIRequest.swift */,
				1362CA8325D1050B001F0E87 /* ApiResponse.swift */,
				1362CA8D25D10A49001F0E87 /* PostRequest.swift */,
			);
			path = Networking;
			sourceTree = "<group>";
		};
		13D6D21625CA78E700A81BA6 = {
			isa = PBXGroup;
			children = (
				13D6D22125CA78E700A81BA6 /* ndvhssahoolat */,
				13D6D23825CA78E900A81BA6 /* ndvhssahoolatTests */,
				13D6D24325CA78E900A81BA6 /* ndvhssahoolatUITests */,
				13D6D22025CA78E700A81BA6 /* Products */,
				6B3AA8C0FA9097FCA6E5A8CF /* Pods */,
				E5AD12791A174FDAE3646BA4 /* Frameworks */,
			);
			sourceTree = "<group>";
		};
		13D6D22025CA78E700A81BA6 /* Products */ = {
			isa = PBXGroup;
			children = (
				13D6D21F25CA78E700A81BA6 /* ndvhssahoolat.app */,
				13D6D23525CA78E900A81BA6 /* ndvhssahoolatTests.xctest */,
				13D6D24025CA78E900A81BA6 /* ndvhssahoolatUITests.xctest */,
			);
			name = Products;
			sourceTree = "<group>";
		};
		13D6D22125CA78E700A81BA6 /* ndvhssahoolat */ = {
			isa = PBXGroup;
			children = (
				132637F425D3B56F00B4CCE1 /* Networking */,
				132637F325D3B55E00B4CCE1 /* Models */,
				132637F225D3B53C00B4CCE1 /* ViewControllers */,
				13D6D22225CA78E700A81BA6 /* AppDelegate.swift */,
				13D6D22425CA78E700A81BA6 /* SceneDelegate.swift */,
				13E4D9EB25CBB1D500A6039D /* Person.swift */,
				13D6D22825CA78E700A81BA6 /* Main.storyboard */,
				13D6D22B25CA78E800A81BA6 /* Assets.xcassets */,
				13D6D22D25CA78E800A81BA6 /* LaunchScreen.storyboard */,
				13B4B8D125D50C0100B9B61A /* GoogleService-Info.plist */,
				13D6D23025CA78E800A81BA6 /* Info.plist */,
				13AD7F0C25CBD4A100B03583 /* Configuration.swift */,
			);
			path = ndvhssahoolat;
			sourceTree = "<group>";
		};
		13D6D23825CA78E900A81BA6 /* ndvhssahoolatTests */ = {
			isa = PBXGroup;
			children = (
				13D6D23925CA78E900A81BA6 /* ndvhssahoolatTests.swift */,
				13D6D23B25CA78E900A81BA6 /* Info.plist */,
			);
			path = ndvhssahoolatTests;
			sourceTree = "<group>";
		};
		13D6D24325CA78E900A81BA6 /* ndvhssahoolatUITests */ = {
			isa = PBXGroup;
			children = (
				13D6D24425CA78E900A81BA6 /* ndvhssahoolatUITests.swift */,
				13D6D24625CA78E900A81BA6 /* Info.plist */,
			);
			path = ndvhssahoolatUITests;
			sourceTree = "<group>";
		};
		6B3AA8C0FA9097FCA6E5A8CF /* Pods */ = {
			isa = PBXGroup;
			children = (
				08FA08197C81B2EF4DC56A4D /* Pods-ndvhssahoolat.debug.xcconfig */,
				72C897205C4A7FCA8DCCE981 /* Pods-ndvhssahoolat.release.xcconfig */,
				349A5D346D2D24331A4981F2 /* Pods-ndvhssahoolatTests.debug.xcconfig */,
				F2438933A0A1701FDB5A7C3C /* Pods-ndvhssahoolatTests.release.xcconfig */,
			);
			path = Pods;
			sourceTree = "<group>";
		};
		E5AD12791A174FDAE3646BA4 /* Frameworks */ = {
			isa = PBXGroup;
			children = (
				DFAEE21892E21F6493FDE58E /* Pods_ndvhssahoolat.framework */,
				CBE12621E445965D23FCB68A /* Pods_ndvhssahoolatTests.framework */,
			);
			name = Frameworks;
			sourceTree = "<group>";
		};
/* End PBXGroup section */

/* Begin PBXNativeTarget section */
		13D6D21E25CA78E700A81BA6 /* ndvhssahoolat */ = {
			isa = PBXNativeTarget;
			buildConfigurationList = 13D6D24925CA78E900A81BA6 /* Build configuration list for PBXNativeTarget "ndvhssahoolat" */;
			buildPhases = (
				086D1B5880D1C66AA63250FF /* [CP] Check Pods Manifest.lock */,
				13D6D21B25CA78E700A81BA6 /* Sources */,
				13D6D21C25CA78E700A81BA6 /* Frameworks */,
				13D6D21D25CA78E700A81BA6 /* Resources */,
				CA076FE7F6F9C28DA85EB13A /* [CP] Embed Pods Frameworks */,
			);
			buildRules = (
			);
			dependencies = (
			);
			name = ndvhssahoolat;
			packageProductDependencies = (
				132637E225D3A6EF00B4CCE1 /* TinyConstraints */,
				13CE120E25DA725F003FB875 /* Toast */,
			);
			productName = ndvhssahoolat;
			productReference = 13D6D21F25CA78E700A81BA6 /* ndvhssahoolat.app */;
			productType = "com.apple.product-type.application";
		};
		13D6D23425CA78E900A81BA6 /* ndvhssahoolatTests */ = {
			isa = PBXNativeTarget;
			buildConfigurationList = 13D6D24C25CA78E900A81BA6 /* Build configuration list for PBXNativeTarget "ndvhssahoolatTests" */;
			buildPhases = (
				804E91B2B081DB3AFE3175F7 /* [CP] Check Pods Manifest.lock */,
				13D6D23125CA78E900A81BA6 /* Sources */,
				13D6D23225CA78E900A81BA6 /* Frameworks */,
				13D6D23325CA78E900A81BA6 /* Resources */,
			);
			buildRules = (
			);
			dependencies = (
				13D6D23725CA78E900A81BA6 /* PBXTargetDependency */,
			);
			name = ndvhssahoolatTests;
			productName = ndvhssahoolatTests;
			productReference = 13D6D23525CA78E900A81BA6 /* ndvhssahoolatTests.xctest */;
			productType = "com.apple.product-type.bundle.unit-test";
		};
		13D6D23F25CA78E900A81BA6 /* ndvhssahoolatUITests */ = {
			isa = PBXNativeTarget;
			buildConfigurationList = 13D6D24F25CA78E900A81BA6 /* Build configuration list for PBXNativeTarget "ndvhssahoolatUITests" */;
			buildPhases = (
				13D6D23C25CA78E900A81BA6 /* Sources */,
				13D6D23D25CA78E900A81BA6 /* Frameworks */,
				13D6D23E25CA78E900A81BA6 /* Resources */,
			);
			buildRules = (
			);
			dependencies = (
				13D6D24225CA78E900A81BA6 /* PBXTargetDependency */,
			);
			name = ndvhssahoolatUITests;
			productName = ndvhssahoolatUITests;
			productReference = 13D6D24025CA78E900A81BA6 /* ndvhssahoolatUITests.xctest */;
			productType = "com.apple.product-type.bundle.ui-testing";
		};
/* End PBXNativeTarget section */

/* Begin PBXProject section */
		13D6D21725CA78E700A81BA6 /* Project object */ = {
			isa = PBXProject;
			attributes = {
				LastSwiftUpdateCheck = 1240;
				LastUpgradeCheck = 1240;
				TargetAttributes = {
					13D6D21E25CA78E700A81BA6 = {
						CreatedOnToolsVersion = 12.4;
					};
					13D6D23425CA78E900A81BA6 = {
						CreatedOnToolsVersion = 12.4;
						TestTargetID = 13D6D21E25CA78E700A81BA6;
					};
					13D6D23F25CA78E900A81BA6 = {
						CreatedOnToolsVersion = 12.4;
						TestTargetID = 13D6D21E25CA78E700A81BA6;
					};
				};
			};
			buildConfigurationList = 13D6D21A25CA78E700A81BA6 /* Build configuration list for PBXProject "ndvhssahoolat" */;
			compatibilityVersion = "Xcode 9.3";
			developmentRegion = en;
			hasScannedForEncodings = 0;
			knownRegions = (
				en,
				Base,
			);
			mainGroup = 13D6D21625CA78E700A81BA6;
			packageReferences = (
				132637E125D3A6EF00B4CCE1 /* XCRemoteSwiftPackageReference "TinyConstraints" */,
				13CE120D25DA725F003FB875 /* XCRemoteSwiftPackageReference "Toast-Swift" */,
			);
			productRefGroup = 13D6D22025CA78E700A81BA6 /* Products */;
			projectDirPath = "";
			projectRoot = "";
			targets = (
				13D6D21E25CA78E700A81BA6 /* ndvhssahoolat */,
				13D6D23425CA78E900A81BA6 /* ndvhssahoolatTests */,
				13D6D23F25CA78E900A81BA6 /* ndvhssahoolatUITests */,
			);
		};
/* End PBXProject section */

/* Begin PBXResourcesBuildPhase section */
		13D6D21D25CA78E700A81BA6 /* Resources */ = {
			isa = PBXResourcesBuildPhase;
			buildActionMask = 2147483647;
			files = (
				13D6D22F25CA78E800A81BA6 /* LaunchScreen.storyboard in Resources */,
				13B4B8D225D50C0100B9B61A /* GoogleService-Info.plist in Resources */,
				13D6D22C25CA78E800A81BA6 /* Assets.xcassets in Resources */,
				13D6D22A25CA78E700A81BA6 /* Main.storyboard in Resources */,
			);
			runOnlyForDeploymentPostprocessing = 0;
		};
		13D6D23325CA78E900A81BA6 /* Resources */ = {
			isa = PBXResourcesBuildPhase;
			buildActionMask = 2147483647;
			files = (
			);
			runOnlyForDeploymentPostprocessing = 0;
		};
		13D6D23E25CA78E900A81BA6 /* Resources */ = {
			isa = PBXResourcesBuildPhase;
			buildActionMask = 2147483647;
			files = (
			);
			runOnlyForDeploymentPostprocessing = 0;
		};
/* End PBXResourcesBuildPhase section */

/* Begin PBXShellScriptBuildPhase section */
		086D1B5880D1C66AA63250FF /* [CP] Check Pods Manifest.lock */ = {
			isa = PBXShellScriptBuildPhase;
			buildActionMask = 2147483647;
			files = (
			);
			inputFileListPaths = (
			);
			inputPaths = (
				"${PODS_PODFILE_DIR_PATH}/Podfile.lock",
				"${PODS_ROOT}/Manifest.lock",
			);
			name = "[CP] Check Pods Manifest.lock";
			outputFileListPaths = (
			);
			outputPaths = (
				"$(DERIVED_FILE_DIR)/Pods-ndvhssahoolat-checkManifestLockResult.txt",
			);
			runOnlyForDeploymentPostprocessing = 0;
			shellPath = /bin/sh;
			shellScript = "diff \"${PODS_PODFILE_DIR_PATH}/Podfile.lock\" \"${PODS_ROOT}/Manifest.lock\" > /dev/null\nif [ $? != 0 ] ; then\n    # print error to STDERR\n    echo \"error: The sandbox is not in sync with the Podfile.lock. Run 'pod install' or update your CocoaPods installation.\" >&2\n    exit 1\nfi\n# This output is used by Xcode 'outputs' to avoid re-running this script phase.\necho \"SUCCESS\" > \"${SCRIPT_OUTPUT_FILE_0}\"\n";
			showEnvVarsInLog = 0;
		};
		804E91B2B081DB3AFE3175F7 /* [CP] Check Pods Manifest.lock */ = {
			isa = PBXShellScriptBuildPhase;
			buildActionMask = 2147483647;
			files = (
			);
			inputFileListPaths = (
			);
			inputPaths = (
				"${PODS_PODFILE_DIR_PATH}/Podfile.lock",
				"${PODS_ROOT}/Manifest.lock",
			);
			name = "[CP] Check Pods Manifest.lock";
			outputFileListPaths = (
			);
			outputPaths = (
				"$(DERIVED_FILE_DIR)/Pods-ndvhssahoolatTests-checkManifestLockResult.txt",
			);
			runOnlyForDeploymentPostprocessing = 0;
			shellPath = /bin/sh;
			shellScript = "diff \"${PODS_PODFILE_DIR_PATH}/Podfile.lock\" \"${PODS_ROOT}/Manifest.lock\" > /dev/null\nif [ $? != 0 ] ; then\n    # print error to STDERR\n    echo \"error: The sandbox is not in sync with the Podfile.lock. Run 'pod install' or update your CocoaPods installation.\" >&2\n    exit 1\nfi\n# This output is used by Xcode 'outputs' to avoid re-running this script phase.\necho \"SUCCESS\" > \"${SCRIPT_OUTPUT_FILE_0}\"\n";
			showEnvVarsInLog = 0;
		};
		CA076FE7F6F9C28DA85EB13A /* [CP] Embed Pods Frameworks */ = {
			isa = PBXShellScriptBuildPhase;
			buildActionMask = 2147483647;
			files = (
			);
			inputFileListPaths = (
				"${PODS_ROOT}/Target Support Files/Pods-ndvhssahoolat/Pods-ndvhssahoolat-frameworks-${CONFIGURATION}-input-files.xcfilelist",
			);
			name = "[CP] Embed Pods Frameworks";
			outputFileListPaths = (
				"${PODS_ROOT}/Target Support Files/Pods-ndvhssahoolat/Pods-ndvhssahoolat-frameworks-${CONFIGURATION}-output-files.xcfilelist",
			);
			runOnlyForDeploymentPostprocessing = 0;
			shellPath = /bin/sh;
			shellScript = "\"${PODS_ROOT}/Target Support Files/Pods-ndvhssahoolat/Pods-ndvhssahoolat-frameworks.sh\"\n";
			showEnvVarsInLog = 0;
		};
/* End PBXShellScriptBuildPhase section */

/* Begin PBXSourcesBuildPhase section */
		13D6D21B25CA78E700A81BA6 /* Sources */ = {
			isa = PBXSourcesBuildPhase;
			buildActionMask = 2147483647;
			files = (
				13D6D22725CA78E700A81BA6 /* ViewController.swift in Sources */,
				132637EE25D3ADE600B4CCE1 /* FaqModel.swift in Sources */,
				13AD7F0D25CBD4A100B03583 /* Configuration.swift in Sources */,
				13E189AC25D24DE6006627CB /* TabsViewController.swift in Sources */,
				13E1899825D15A92006627CB /* RegisterController.swift in Sources */,
				13E189C325D283B2006627CB /* CustomCellController.swift in Sources */,
				1387C6B925D2A2FD000D75A1 /* NoticeBoardController.swift in Sources */,
				1362CA8925D10573001F0E87 /* UserModel.swift in Sources */,
				13D6D22325CA78E700A81BA6 /* AppDelegate.swift in Sources */,
				13E189BE25D272D8006627CB /* StaffModel.swift in Sources */,
				132637D225D2BFC400B4CCE1 /* ProfileViewController.swift in Sources */,
				1387C6BE25D2A3C9000D75A1 /* NoticeModel.swift in Sources */,
				1362CA8425D1050B001F0E87 /* ApiResponse.swift in Sources */,
				13E189B925D272B8006627CB /* TicketModel.swift in Sources */,
				132637D725D3A05900B4CCE1 /* FaqsViewController.swift in Sources */,
				13E4D9EC25CBB1D500A6039D /* Person.swift in Sources */,
				1362CA7F25D1031B001F0E87 /* APIRequest.swift in Sources */,
				1362CA8E25D10A49001F0E87 /* PostRequest.swift in Sources */,
				13E1898825D155FC006627CB /* LoginViewController.swift in Sources */,
				13A0659925D3EB9A00FADCEB /* CreateTicketController.swift in Sources */,
				13D6D22525CA78E700A81BA6 /* SceneDelegate.swift in Sources */,
				13E189A425D1642C006627CB /* HomeViewController.swift in Sources */,
				13A0659E25D4070300FADCEB /* DepartmentModel.swift in Sources */,
			);
			runOnlyForDeploymentPostprocessing = 0;
		};
		13D6D23125CA78E900A81BA6 /* Sources */ = {
			isa = PBXSourcesBuildPhase;
			buildActionMask = 2147483647;
			files = (
				13D6D23A25CA78E900A81BA6 /* ndvhssahoolatTests.swift in Sources */,
			);
			runOnlyForDeploymentPostprocessing = 0;
		};
		13D6D23C25CA78E900A81BA6 /* Sources */ = {
			isa = PBXSourcesBuildPhase;
			buildActionMask = 2147483647;
			files = (
				13D6D24525CA78E900A81BA6 /* ndvhssahoolatUITests.swift in Sources */,
			);
			runOnlyForDeploymentPostprocessing = 0;
		};
/* End PBXSourcesBuildPhase section */

/* Begin PBXTargetDependency section */
		13D6D23725CA78E900A81BA6 /* PBXTargetDependency */ = {
			isa = PBXTargetDependency;
			target = 13D6D21E25CA78E700A81BA6 /* ndvhssahoolat */;
			targetProxy = 13D6D23625CA78E900A81BA6 /* PBXContainerItemProxy */;
		};
		13D6D24225CA78E900A81BA6 /* PBXTargetDependency */ = {
			isa = PBXTargetDependency;
			target = 13D6D21E25CA78E700A81BA6 /* ndvhssahoolat */;
			targetProxy = 13D6D24125CA78E900A81BA6 /* PBXContainerItemProxy */;
		};
/* End PBXTargetDependency section */

/* Begin PBXVariantGroup section */
		13D6D22825CA78E700A81BA6 /* Main.storyboard */ = {
			isa = PBXVariantGroup;
			children = (
				13D6D22925CA78E700A81BA6 /* Base */,
			);
			name = Main.storyboard;
			sourceTree = "<group>";
		};
		13D6D22D25CA78E800A81BA6 /* LaunchScreen.storyboard */ = {
			isa = PBXVariantGroup;
			children = (
				13D6D22E25CA78E800A81BA6 /* Base */,
			);
			name = LaunchScreen.storyboard;
			sourceTree = "<group>";
		};
/* End PBXVariantGroup section */

/* Begin XCBuildConfiguration section */
		13D6D24725CA78E900A81BA6 /* Debug */ = {
			isa = XCBuildConfiguration;
			buildSettings = {
				ALWAYS_SEARCH_USER_PATHS = NO;
				CLANG_ANALYZER_NONNULL = YES;
				CLANG_ANALYZER_NUMBER_OBJECT_CONVERSION = YES_AGGRESSIVE;
				CLANG_CXX_LANGUAGE_STANDARD = "gnu++14";
				CLANG_CXX_LIBRARY = "libc++";
				CLANG_ENABLE_MODULES = YES;
				CLANG_ENABLE_OBJC_ARC = YES;
				CLANG_ENABLE_OBJC_WEAK = YES;
				CLANG_WARN_BLOCK_CAPTURE_AUTORELEASING = YES;
				CLANG_WARN_BOOL_CONVERSION = YES;
				CLANG_WARN_COMMA = YES;
				CLANG_WARN_CONSTANT_CONVERSION = YES;
				CLANG_WARN_DEPRECATED_OBJC_IMPLEMENTATIONS = YES;
				CLANG_WARN_DIRECT_OBJC_ISA_USAGE = YES_ERROR;
				CLANG_WARN_DOCUMENTATION_COMMENTS = YES;
				CLANG_WARN_EMPTY_BODY = YES;
				CLANG_WARN_ENUM_CONVERSION = YES;
				CLANG_WARN_INFINITE_RECURSION = YES;
				CLANG_WARN_INT_CONVERSION = YES;
				CLANG_WARN_NON_LITERAL_NULL_CONVERSION = YES;
				CLANG_WARN_OBJC_IMPLICIT_RETAIN_SELF = YES;
				CLANG_WARN_OBJC_LITERAL_CONVERSION = YES;
				CLANG_WARN_OBJC_ROOT_CLASS = YES_ERROR;
				CLANG_WARN_QUOTED_INCLUDE_IN_FRAMEWORK_HEADER = YES;
				CLANG_WARN_RANGE_LOOP_ANALYSIS = YES;
				CLANG_WARN_STRICT_PROTOTYPES = YES;
				CLANG_WARN_SUSPICIOUS_MOVE = YES;
				CLANG_WARN_UNGUARDED_AVAILABILITY = YES_AGGRESSIVE;
				CLANG_WARN_UNREACHABLE_CODE = YES;
				CLANG_WARN__DUPLICATE_METHOD_MATCH = YES;
				COPY_PHASE_STRIP = NO;
				DEBUG_INFORMATION_FORMAT = dwarf;
				ENABLE_STRICT_OBJC_MSGSEND = YES;
				ENABLE_TESTABILITY = YES;
				GCC_C_LANGUAGE_STANDARD = gnu11;
				GCC_DYNAMIC_NO_PIC = NO;
				GCC_NO_COMMON_BLOCKS = YES;
				GCC_OPTIMIZATION_LEVEL = 0;
				GCC_PREPROCESSOR_DEFINITIONS = (
					"DEBUG=1",
					"$(inherited)",
				);
				GCC_WARN_64_TO_32_BIT_CONVERSION = YES;
				GCC_WARN_ABOUT_RETURN_TYPE = YES_ERROR;
				GCC_WARN_UNDECLARED_SELECTOR = YES;
				GCC_WARN_UNINITIALIZED_AUTOS = YES_AGGRESSIVE;
				GCC_WARN_UNUSED_FUNCTION = YES;
				GCC_WARN_UNUSED_VARIABLE = YES;
				IPHONEOS_DEPLOYMENT_TARGET = 14.4;
				MTL_ENABLE_DEBUG_INFO = INCLUDE_SOURCE;
				MTL_FAST_MATH = YES;
				ONLY_ACTIVE_ARCH = YES;
				SDKROOT = iphoneos;
				SWIFT_ACTIVE_COMPILATION_CONDITIONS = DEBUG;
				SWIFT_OPTIMIZATION_LEVEL = "-Onone";
			};
			name = Debug;
		};
		13D6D24825CA78E900A81BA6 /* Release */ = {
			isa = XCBuildConfiguration;
			buildSettings = {
				ALWAYS_SEARCH_USER_PATHS = NO;
				CLANG_ANALYZER_NONNULL = YES;
				CLANG_ANALYZER_NUMBER_OBJECT_CONVERSION = YES_AGGRESSIVE;
				CLANG_CXX_LANGUAGE_STANDARD = "gnu++14";
				CLANG_CXX_LIBRARY = "libc++";
				CLANG_ENABLE_MODULES = YES;
				CLANG_ENABLE_OBJC_ARC = YES;
				CLANG_ENABLE_OBJC_WEAK = YES;
				CLANG_WARN_BLOCK_CAPTURE_AUTORELEASING = YES;
				CLANG_WARN_BOOL_CONVERSION = YES;
				CLANG_WARN_COMMA = YES;
				CLANG_WARN_CONSTANT_CONVERSION = YES;
				CLANG_WARN_DEPRECATED_OBJC_IMPLEMENTATIONS = YES;
				CLANG_WARN_DIRECT_OBJC_ISA_USAGE = YES_ERROR;
				CLANG_WARN_DOCUMENTATION_COMMENTS = YES;
				CLANG_WARN_EMPTY_BODY = YES;
				CLANG_WARN_ENUM_CONVERSION = YES;
				CLANG_WARN_INFINITE_RECURSION = YES;
				CLANG_WARN_INT_CONVERSION = YES;
				CLANG_WARN_NON_LITERAL_NULL_CONVERSION = YES;
				CLANG_WARN_OBJC_IMPLICIT_RETAIN_SELF = YES;
				CLANG_WARN_OBJC_LITERAL_CONVERSION = YES;
				CLANG_WARN_OBJC_ROOT_CLASS = YES_ERROR;
				CLANG_WARN_QUOTED_INCLUDE_IN_FRAMEWORK_HEADER = YES;
				CLANG_WARN_RANGE_LOOP_ANALYSIS = YES;
				CLANG_WARN_STRICT_PROTOTYPES = YES;
				CLANG_WARN_SUSPICIOUS_MOVE = YES;
				CLANG_WARN_UNGUARDED_AVAILABILITY = YES_AGGRESSIVE;
				CLANG_WARN_UNREACHABLE_CODE = YES;
				CLANG_WARN__DUPLICATE_METHOD_MATCH = YES;
				COPY_PHASE_STRIP = NO;
				DEBUG_INFORMATION_FORMAT = "dwarf-with-dsym";
				ENABLE_NS_ASSERTIONS = NO;
				ENABLE_STRICT_OBJC_MSGSEND = YES;
				GCC_C_LANGUAGE_STANDARD = gnu11;
				GCC_NO_COMMON_BLOCKS = YES;
				GCC_WARN_64_TO_32_BIT_CONVERSION = YES;
				GCC_WARN_ABOUT_RETURN_TYPE = YES_ERROR;
				GCC_WARN_UNDECLARED_SELECTOR = YES;
				GCC_WARN_UNINITIALIZED_AUTOS = YES_AGGRESSIVE;
				GCC_WARN_UNUSED_FUNCTION = YES;
				GCC_WARN_UNUSED_VARIABLE = YES;
				IPHONEOS_DEPLOYMENT_TARGET = 14.4;
				MTL_ENABLE_DEBUG_INFO = NO;
				MTL_FAST_MATH = YES;
				SDKROOT = iphoneos;
				SWIFT_COMPILATION_MODE = wholemodule;
				SWIFT_OPTIMIZATION_LEVEL = "-O";
				VALIDATE_PRODUCT = YES;
			};
			name = Release;
		};
		13D6D24A25CA78E900A81BA6 /* Debug */ = {
			isa = XCBuildConfiguration;
			baseConfigurationReference = 08FA08197C81B2EF4DC56A4D /* Pods-ndvhssahoolat.debug.xcconfig */;
			buildSettings = {
				ASSETCATALOG_COMPILER_APPICON_NAME = AppIcon;
				ASSETCATALOG_COMPILER_GLOBAL_ACCENT_COLOR_NAME = AccentColor;
				CODE_SIGN_STYLE = Automatic;
				DEVELOPMENT_TEAM = HCA7452SD2;
				INFOPLIST_FILE = ndvhssahoolat/Info.plist;
				IPHONEOS_DEPLOYMENT_TARGET = 14.4;
				LD_RUNPATH_SEARCH_PATHS = (
					"$(inherited)",
					"@executable_path/Frameworks",
				);
				PRODUCT_BUNDLE_IDENTIFIER = net.siliconst.ndvhssahoolat;
				PRODUCT_NAME = "$(TARGET_NAME)";
				SWIFT_VERSION = 5.0;
				TARGETED_DEVICE_FAMILY = "1,2";
			};
			name = Debug;
		};
		13D6D24B25CA78E900A81BA6 /* Release */ = {
			isa = XCBuildConfiguration;
			baseConfigurationReference = 72C897205C4A7FCA8DCCE981 /* Pods-ndvhssahoolat.release.xcconfig */;
			buildSettings = {
				ASSETCATALOG_COMPILER_APPICON_NAME = AppIcon;
				ASSETCATALOG_COMPILER_GLOBAL_ACCENT_COLOR_NAME = AccentColor;
				CODE_SIGN_STYLE = Automatic;
				DEVELOPMENT_TEAM = HCA7452SD2;
				INFOPLIST_FILE = ndvhssahoolat/Info.plist;
				IPHONEOS_DEPLOYMENT_TARGET = 14.4;
				LD_RUNPATH_SEARCH_PATHS = (
					"$(inherited)",
					"@executable_path/Frameworks",
				);
				PRODUCT_BUNDLE_IDENTIFIER = net.siliconst.ndvhssahoolat;
				PRODUCT_NAME = "$(TARGET_NAME)";
				SWIFT_VERSION = 5.0;
				TARGETED_DEVICE_FAMILY = "1,2";
			};
			name = Release;
		};
		13D6D24D25CA78E900A81BA6 /* Debug */ = {
			isa = XCBuildConfiguration;
			baseConfigurationReference = 349A5D346D2D24331A4981F2 /* Pods-ndvhssahoolatTests.debug.xcconfig */;
			buildSettings = {
				ALWAYS_EMBED_SWIFT_STANDARD_LIBRARIES = YES;
				BUNDLE_LOADER = "$(TEST_HOST)";
				CODE_SIGN_STYLE = Automatic;
				INFOPLIST_FILE = ndvhssahoolatTests/Info.plist;
				IPHONEOS_DEPLOYMENT_TARGET = 14.4;
				LD_RUNPATH_SEARCH_PATHS = (
					"$(inherited)",
					"@executable_path/Frameworks",
					"@loader_path/Frameworks",
				);
				PRODUCT_BUNDLE_IDENTIFIER = com.siliconst.ndvhssahoolatTests;
				PRODUCT_NAME = "$(TARGET_NAME)";
				SWIFT_VERSION = 5.0;
				TARGETED_DEVICE_FAMILY = "1,2";
				TEST_HOST = "$(BUILT_PRODUCTS_DIR)/ndvhssahoolat.app/ndvhssahoolat";
			};
			name = Debug;
		};
		13D6D24E25CA78E900A81BA6 /* Release */ = {
			isa = XCBuildConfiguration;
			baseConfigurationReference = F2438933A0A1701FDB5A7C3C /* Pods-ndvhssahoolatTests.release.xcconfig */;
			buildSettings = {
				ALWAYS_EMBED_SWIFT_STANDARD_LIBRARIES = YES;
				BUNDLE_LOADER = "$(TEST_HOST)";
				CODE_SIGN_STYLE = Automatic;
				INFOPLIST_FILE = ndvhssahoolatTests/Info.plist;
				IPHONEOS_DEPLOYMENT_TARGET = 14.4;
				LD_RUNPATH_SEARCH_PATHS = (
					"$(inherited)",
					"@executable_path/Frameworks",
					"@loader_path/Frameworks",
				);
				PRODUCT_BUNDLE_IDENTIFIER = com.siliconst.ndvhssahoolatTests;
				PRODUCT_NAME = "$(TARGET_NAME)";
				SWIFT_VERSION = 5.0;
				TARGETED_DEVICE_FAMILY = "1,2";
				TEST_HOST = "$(BUILT_PRODUCTS_DIR)/ndvhssahoolat.app/ndvhssahoolat";
			};
			name = Release;
		};
		13D6D25025CA78E900A81BA6 /* Debug */ = {
			isa = XCBuildConfiguration;
			buildSettings = {
				ALWAYS_EMBED_SWIFT_STANDARD_LIBRARIES = YES;
				CODE_SIGN_STYLE = Automatic;
				INFOPLIST_FILE = ndvhssahoolatUITests/Info.plist;
				LD_RUNPATH_SEARCH_PATHS = (
					"$(inherited)",
					"@executable_path/Frameworks",
					"@loader_path/Frameworks",
				);
				PRODUCT_BUNDLE_IDENTIFIER = com.siliconst.ndvhssahoolatUITests;
				PRODUCT_NAME = "$(TARGET_NAME)";
				SWIFT_VERSION = 5.0;
				TARGETED_DEVICE_FAMILY = "1,2";
				TEST_TARGET_NAME = ndvhssahoolat;
			};
			name = Debug;
		};
		13D6D25125CA78E900A81BA6 /* Release */ = {
			isa = XCBuildConfiguration;
			buildSettings = {
				ALWAYS_EMBED_SWIFT_STANDARD_LIBRARIES = YES;
				CODE_SIGN_STYLE = Automatic;
				INFOPLIST_FILE = ndvhssahoolatUITests/Info.plist;
				LD_RUNPATH_SEARCH_PATHS = (
					"$(inherited)",
					"@executable_path/Frameworks",
					"@loader_path/Frameworks",
				);
				PRODUCT_BUNDLE_IDENTIFIER = com.siliconst.ndvhssahoolatUITests;
				PRODUCT_NAME = "$(TARGET_NAME)";
				SWIFT_VERSION = 5.0;
				TARGETED_DEVICE_FAMILY = "1,2";
				TEST_TARGET_NAME = ndvhssahoolat;
			};
			name = Release;
		};
/* End XCBuildConfiguration section */

/* Begin XCConfigurationList section */
		13D6D21A25CA78E700A81BA6 /* Build configuration list for PBXProject "ndvhssahoolat" */ = {
			isa = XCConfigurationList;
			buildConfigurations = (
				13D6D24725CA78E900A81BA6 /* Debug */,
				13D6D24825CA78E900A81BA6 /* Release */,
			);
			defaultConfigurationIsVisible = 0;
			defaultConfigurationName = Release;
		};
		13D6D24925CA78E900A81BA6 /* Build configuration list for PBXNativeTarget "ndvhssahoolat" */ = {
			isa = XCConfigurationList;
			buildConfigurations = (
				13D6D24A25CA78E900A81BA6 /* Debug */,
				13D6D24B25CA78E900A81BA6 /* Release */,
			);
			defaultConfigurationIsVisible = 0;
			defaultConfigurationName = Release;
		};
		13D6D24C25CA78E900A81BA6 /* Build configuration list for PBXNativeTarget "ndvhssahoolatTests" */ = {
			isa = XCConfigurationList;
			buildConfigurations = (
				13D6D24D25CA78E900A81BA6 /* Debug */,
				13D6D24E25CA78E900A81BA6 /* Release */,
			);
			defaultConfigurationIsVisible = 0;
			defaultConfigurationName = Release;
		};
		13D6D24F25CA78E900A81BA6 /* Build configuration list for PBXNativeTarget "ndvhssahoolatUITests" */ = {
			isa = XCConfigurationList;
			buildConfigurations = (
				13D6D25025CA78E900A81BA6 /* Debug */,
				13D6D25125CA78E900A81BA6 /* Release */,
			);
			defaultConfigurationIsVisible = 0;
			defaultConfigurationName = Release;
		};
/* End XCConfigurationList section */

/* Begin XCRemoteSwiftPackageReference section */
		132637E125D3A6EF00B4CCE1 /* XCRemoteSwiftPackageReference "TinyConstraints" */ = {
			isa = XCRemoteSwiftPackageReference;
			repositoryURL = "https://github.com/roberthein/TinyConstraints.git";
			requirement = {
				kind = upToNextMajorVersion;
				minimumVersion = 4.0.1;
			};
		};
		13CE120D25DA725F003FB875 /* XCRemoteSwiftPackageReference "Toast-Swift" */ = {
			isa = XCRemoteSwiftPackageReference;
			repositoryURL = "https://github.com/scalessec/Toast-Swift";
			requirement = {
				kind = upToNextMajorVersion;
				minimumVersion = 5.0.1;
			};
		};
/* End XCRemoteSwiftPackageReference section */

/* Begin XCSwiftPackageProductDependency section */
		132637E225D3A6EF00B4CCE1 /* TinyConstraints */ = {
			isa = XCSwiftPackageProductDependency;
			package = 132637E125D3A6EF00B4CCE1 /* XCRemoteSwiftPackageReference "TinyConstraints" */;
			productName = TinyConstraints;
		};
		13CE120E25DA725F003FB875 /* Toast */ = {
			isa = XCSwiftPackageProductDependency;
			package = 13CE120D25DA725F003FB875 /* XCRemoteSwiftPackageReference "Toast-Swift" */;
			productName = Toast;
		};
/* End XCSwiftPackageProductDependency section */
	};
	rootObject = 13D6D21725CA78E700A81BA6 /* Project object */;
}
